
Microsoft Visual Studio Solution File, Format Version 12.00
# Visual Studio Version 17
VisualStudioVersion = 17.7.34202.233
MinimumVisualStudioVersion = 10.0.40219.1
Project("{FAE04EC0-301F-11D3-BF4B-00C04F79EFBC}") = "LaboratornaWork", "LaboratornaWork\LaboratornaWork.csproj", "{ED55FCDA-2E7A-45F9-AF5D-510BCDA06E00}"
EndProject
Global
	GlobalSection(SolutionConfigurationPlatforms) = preSolution
		Debug|Any CPU = Debug|Any CPU
		Release|Any CPU = Release|Any CPU
	EndGlobalSection
	GlobalSection(ProjectConfigurationPlatforms) = postSolution
		{ED55FCDA-2E7A-45F9-AF5D-510BCDA06E00}.Debug|Any CPU.ActiveCfg = Debug|Any CPU
		{ED55FCDA-2E7A-45F9-AF5D-510BCDA06E00}.Debug|Any CPU.Build.0 = Debug|Any CPU
		{ED55FCDA-2E7A-45F9-AF5D-510BCDA06E00}.Release|Any CPU.ActiveCfg = Release|Any CPU
		{ED55FCDA-2E7A-45F9-AF5D-510BCDA06E00}.Release|Any CPU.Build.0 = Release|Any CPU
	EndGlobalSection
	GlobalSection(SolutionProperties) = preSolution
		HideSolutionNode = FALSE
	EndGlobalSection
	GlobalSection(ExtensibilityGlobals) = postSolution
		SolutionGuid = {7A46F7C8-536B-4E79-AECB-8E05D6D854A6}
	EndGlobalSection
EndGlobal
